{
  "name": "@3d-dice/dice-ui",
  "version": "0.5.2",
  "lockfileVersion": 2,
  "requires": true,
  "packages": {
    "": {
      "name": "@3d-dice/dice-ui",
      "version": "0.5.2",
      "license": "MIT",
      "dependencies": {
        "@3d-dice/dice-parser-interface": "^0.2.1",
        "dat.gui": "^0.7.9"
      }
    },
    "node_modules/@3d-dice/dice-parser-interface": {
      "version": "0.2.1",
      "resolved": "https://registry.npmjs.org/@3d-dice/dice-parser-interface/-/dice-parser-interface-0.2.1.tgz",
      "integrity": "sha512-04fJt8FYtbPnzVt0Pi2Ow3vweN0t/lc+tkDDIG4bq9QkaIw/zD1zdLZirXtE8LFffJR3xXFh8PgflSAJMGoy4Q==",
      "dependencies": {
        "@3d-dice/dice-roller-parser": "^0.2.6"
      }
    },
    "node_modules/@3d-dice/dice-roller-parser": {
      "version": "0.2.6",
      "resolved": "https://registry.npmjs.org/@3d-dice/dice-roller-parser/-/dice-roller-parser-0.2.6.tgz",
      "integrity": "sha512-9dMSX0bqKZ5BQ+HABE4c4ZY1/VPUqtQd+gXKAHPMcFbY3cCMOPy327ZQ/LHdptS7VNZCGPriybIQrg7efYIQEw=="
    },
    "node_modules/dat.gui": {
      "version": "0.7.9",
      "resolved": "https://registry.npmjs.org/dat.gui/-/dat.gui-0.7.9.tgz",
      "integrity": "sha512-sCNc1OHobc+Erc1HqiswYgHdVNpSJUlk/Hz8vzOCsER7rl+oF/4+v8GXFUyCgtXpoCX6+bnmg07DedLvBLwYKQ=="
    }
  },
  "dependencies": {
    "@3d-dice/dice-parser-interface": {
      "version": "0.2.1",
      "resolved": "https://registry.npmjs.org/@3d-dice/dice-parser-interface/-/dice-parser-interface-0.2.1.tgz",
      "integrity": "sha512-04fJt8FYtbPnzVt0Pi2Ow3vweN0t/lc+tkDDIG4bq9QkaIw/zD1zdLZirXtE8LFffJR3xXFh8PgflSAJMGoy4Q==",
      "requires": {
        "@3d-dice/dice-roller-parser": "^0.2.6"
      }
    },
    "@3d-dice/dice-roller-parser": {
      "version": "0.2.6",
      "resolved": "https://registry.npmjs.org/@3d-dice/dice-roller-parser/-/dice-roller-parser-0.2.6.tgz",
      "integrity": "sha512-9dMSX0bqKZ5BQ+HABE4c4ZY1/VPUqtQd+gXKAHPMcFbY3cCMOPy327ZQ/LHdptS7VNZCGPriybIQrg7efYIQEw=="
    },
    "dat.gui": {
      "version": "0.7.9",
      "resolved": "https://registry.npmjs.org/dat.gui/-/dat.gui-0.7.9.tgz",
      "integrity": "sha512-sCNc1OHobc+Erc1HqiswYgHdVNpSJUlk/Hz8vzOCsER7rl+oF/4+v8GXFUyCgtXpoCX6+bnmg07DedLvBLwYKQ=="
    }
  }
}
