{
	"name": "@3d-dice/fui",
	"version": "0.3.5",
	"lockfileVersion": 1,
	"requires": true,
	"dependencies": {
		"@3d-dice/dice-roller-parser": {
			"version": "0.2.5",
			"resolved": "https://registry.npmjs.org/@3d-dice/dice-roller-parser/-/dice-roller-parser-0.2.5.tgz",
			"integrity": "sha512-kUtuAedSKixPqVVhpTJ1NCP2KWOwXEybeKV7X1bjBa97QzqfA2SpqaZUQac8eRzuJosyPLu31+a1EHwMKrPNTw=="
		},
		"@3d-dice/fdp": {
			"version": "0.1.5",
			"resolved": "https://registry.npmjs.org/@3d-dice/fdp/-/fdp-0.1.5.tgz",
			"integrity": "sha512-lddcu2MLpblORn68ZQkEuk9Dg+zlpSRdDUvPdcFlcFL1O8XjT5v3bhMVCbnssGpOCxUcSGzX+Dbcte1fzoiESA==",
			"requires": {
				"@3d-dice/dice-roller-parser": "^0.2.5"
			}
		},
		"dat.gui": {
			"version": "0.7.9",
			"resolved": "https://registry.npmjs.org/dat.gui/-/dat.gui-0.7.9.tgz",
			"integrity": "sha512-sCNc1OHobc+Erc1HqiswYgHdVNpSJUlk/Hz8vzOCsER7rl+oF/4+v8GXFUyCgtXpoCX6+bnmg07DedLvBLwYKQ=="
		}
	}
}
